
Microsoft Visual Studio Solution File, Format Version 12.00
# Visual Studio Version 16
VisualStudioVersion = 16.0.29709.97
MinimumVisualStudioVersion = 10.0.40219.1
Project("{FAE04EC0-301F-11D3-BF4B-00C04F79EFBC}") = "client", "client.csproj", "{B3473C58-B607-47BC-B9BF-BA94F321DE0D}"
EndProject
Global
	GlobalSection(SolutionConfigurationPlatforms) = preSolution
		Debug|Any CPU = Debug|Any CPU
		Release|Any CPU = Release|Any CPU
	EndGlobalSection
	GlobalSection(ProjectConfigurationPlatforms) = postSolution
		{B3473C58-B607-47BC-B9BF-BA94F321DE0D}.Debug|Any CPU.ActiveCfg = Debug|Any CPU
		{B3473C58-B607-47BC-B9BF-BA94F321DE0D}.Debug|Any CPU.Build.0 = Debug|Any CPU
		{B3473C58-B607-47BC-B9BF-BA94F321DE0D}.Release|Any CPU.ActiveCfg = Release|Any CPU
		{B3473C58-B607-47BC-B9BF-BA94F321DE0D}.Release|Any CPU.Build.0 = Release|Any CPU
	EndGlobalSection
	GlobalSection(SolutionProperties) = preSolution
		HideSolutionNode = FALSE
	EndGlobalSection
	GlobalSection(ExtensibilityGlobals) = postSolution
		SolutionGuid = {6D1A858F-792E-4376-A5A3-F2C091ED81C7}
	EndGlobalSection
EndGlobal
