
Microsoft Visual Studio Solution File, Format Version 12.00
# Visual Studio Version 16
VisualStudioVersion = 16.0.29709.97
MinimumVisualStudioVersion = 10.0.40219.1
Project("{FAE04EC0-301F-11D3-BF4B-00C04F79EFBC}") = "server", "server.csproj", "{3FAAE2F7-FB74-45E2-B733-B33C5B6BD0BC}"
EndProject
Global
	GlobalSection(SolutionConfigurationPlatforms) = preSolution
		Debug|Any CPU = Debug|Any CPU
		Release|Any CPU = Release|Any CPU
	EndGlobalSection
	GlobalSection(ProjectConfigurationPlatforms) = postSolution
		{3FAAE2F7-FB74-45E2-B733-B33C5B6BD0BC}.Debug|Any CPU.ActiveCfg = Debug|Any CPU
		{3FAAE2F7-FB74-45E2-B733-B33C5B6BD0BC}.Debug|Any CPU.Build.0 = Debug|Any CPU
		{3FAAE2F7-FB74-45E2-B733-B33C5B6BD0BC}.Release|Any CPU.ActiveCfg = Release|Any CPU
		{3FAAE2F7-FB74-45E2-B733-B33C5B6BD0BC}.Release|Any CPU.Build.0 = Release|Any CPU
	EndGlobalSection
	GlobalSection(SolutionProperties) = preSolution
		HideSolutionNode = FALSE
	EndGlobalSection
	GlobalSection(ExtensibilityGlobals) = postSolution
		SolutionGuid = {AE802723-A7D3-4DB1-9E3E-2A0D22FD84C5}
	EndGlobalSection
EndGlobal
